
Microsoft Visual Studio Solution File, Format Version 12.00
# Visual Studio Version 17
VisualStudioVersion = 17.5.002.0
MinimumVisualStudioVersion = 10.0.40219.1
Project("{9A19103F-16F7-4668-BE54-9A1E7A4F7556}") = "dotnet", "dotnet.csproj", "{A79CFBA0-D06B-4010-8E7A-2AAABC850A91}"
EndProject
Global
	GlobalSection(SolutionConfigurationPlatforms) = preSolution
		Debug|Any CPU = Debug|Any CPU
		Release|Any CPU = Release|Any CPU
	EndGlobalSection
	GlobalSection(ProjectConfigurationPlatforms) = postSolution
		{A79CFBA0-D06B-4010-8E7A-2AAABC850A91}.Debug|Any CPU.ActiveCfg = Debug|Any CPU
		{A79CFBA0-D06B-4010-8E7A-2AAABC850A91}.Debug|Any CPU.Build.0 = Debug|Any CPU
		{A79CFBA0-D06B-4010-8E7A-2AAABC850A91}.Release|Any CPU.ActiveCfg = Release|Any CPU
		{A79CFBA0-D06B-4010-8E7A-2AAABC850A91}.Release|Any CPU.Build.0 = Release|Any CPU
	EndGlobalSection
	GlobalSection(SolutionProperties) = preSolution
		HideSolutionNode = FALSE
	EndGlobalSection
	GlobalSection(ExtensibilityGlobals) = postSolution
		SolutionGuid = {DB0B6FCF-5C8A-4C28-AE10-52993C312C79}
	EndGlobalSection
EndGlobal
